
Microsoft Visual Studio Solution File, Format Version 12.00
# Visual Studio Version 17
VisualStudioVersion = 17.3.32825.248
MinimumVisualStudioVersion = 10.0.40219.1
Project("{FAE04EC0-301F-11D3-BF4B-00C04F79EFBC}") = "Enum Aula 1", "Enum Aula 1\Enum Aula 1.csproj", "{915DDD1F-D68F-4B19-B151-58B52A4A8790}"
EndProject
Global
	GlobalSection(SolutionConfigurationPlatforms) = preSolution
		Debug|Any CPU = Debug|Any CPU
		Release|Any CPU = Release|Any CPU
	EndGlobalSection
	GlobalSection(ProjectConfigurationPlatforms) = postSolution
		{915DDD1F-D68F-4B19-B151-58B52A4A8790}.Debug|Any CPU.ActiveCfg = Debug|Any CPU
		{915DDD1F-D68F-4B19-B151-58B52A4A8790}.Debug|Any CPU.Build.0 = Debug|Any CPU
		{915DDD1F-D68F-4B19-B151-58B52A4A8790}.Release|Any CPU.ActiveCfg = Release|Any CPU
		{915DDD1F-D68F-4B19-B151-58B52A4A8790}.Release|Any CPU.Build.0 = Release|Any CPU
	EndGlobalSection
	GlobalSection(SolutionProperties) = preSolution
		HideSolutionNode = FALSE
	EndGlobalSection
	GlobalSection(ExtensibilityGlobals) = postSolution
		SolutionGuid = {9932C2B8-5922-4B57-842E-01CF8B9FD52F}
	EndGlobalSection
EndGlobal
